
Microsoft Visual Studio Solution File, Format Version 12.00
# Visual Studio 14
VisualStudioVersion = 14.0.25420.1
MinimumVisualStudioVersion = 10.0.40219.1
Project("{FAE04EC0-301F-11D3-BF4B-00C04F79EFBC}") = "MVC4", "MVC4\MVC4.csproj", "{1D8DB8DB-26DC-4A86-905F-ACEB468264E6}"
EndProject
Project("{FAE04EC0-301F-11D3-BF4B-00C04F79EFBC}") = "MVC4.Tests", "MVC4.Tests\MVC4.Tests.csproj", "{5270C637-E9D2-4DC3-A963-79E75DB77573}"
EndProject
Global
	GlobalSection(SolutionConfigurationPlatforms) = preSolution
		Debug|Any CPU = Debug|Any CPU
		Release|Any CPU = Release|Any CPU
	EndGlobalSection
	GlobalSection(ProjectConfigurationPlatforms) = postSolution
		{1D8DB8DB-26DC-4A86-905F-ACEB468264E6}.Debug|Any CPU.ActiveCfg = Debug|Any CPU
		{1D8DB8DB-26DC-4A86-905F-ACEB468264E6}.Debug|Any CPU.Build.0 = Debug|Any CPU
		{1D8DB8DB-26DC-4A86-905F-ACEB468264E6}.Release|Any CPU.ActiveCfg = Release|Any CPU
		{1D8DB8DB-26DC-4A86-905F-ACEB468264E6}.Release|Any CPU.Build.0 = Release|Any CPU
		{5270C637-E9D2-4DC3-A963-79E75DB77573}.Debug|Any CPU.ActiveCfg = Debug|Any CPU
		{5270C637-E9D2-4DC3-A963-79E75DB77573}.Debug|Any CPU.Build.0 = Debug|Any CPU
		{5270C637-E9D2-4DC3-A963-79E75DB77573}.Release|Any CPU.ActiveCfg = Release|Any CPU
		{5270C637-E9D2-4DC3-A963-79E75DB77573}.Release|Any CPU.Build.0 = Release|Any CPU
	EndGlobalSection
	GlobalSection(SolutionProperties) = preSolution
		HideSolutionNode = FALSE
	EndGlobalSection
EndGlobal
